// !$*UTF8*$!
{
	archiveVersion = 1;
	classes = {
	};
	objectVersion = 46;
	objects = {

/* Begin PBXBuildFile section */
		99EC751A1BC8D89C00F92259 /* main.m in Sources */ = {isa = PBXBuildFile; fileRef = 99EC75191BC8D89C00F92259 /* main.m */; };
		99EC751D1BC8D89C00F92259 /* AppDelegate.m in Sources */ = {isa = PBXBuildFile; fileRef = 99EC751C1BC8D89C00F92259 /* AppDelegate.m */; };
		99EC75201BC8D89C00F92259 /* ViewController.m in Sources */ = {isa = PBXBuildFile; fileRef = 99EC751F1BC8D89C00F92259 /* ViewController.m */; };
		99EC75231BC8D89C00F92259 /* Main.storyboard in Resources */ = {isa = PBXBuildFile; fileRef = 99EC75211BC8D89C00F92259 /* Main.storyboard */; };
		99EC75251BC8D89C00F92259 /* Images.xcassets in Resources */ = {isa = PBXBuildFile; fileRef = 99EC75241BC8D89C00F92259 /* Images.xcassets */; };
		99EC75281BC8D89C00F92259 /* LaunchScreen.xib in Resources */ = {isa = PBXBuildFile; fileRef = 99EC75261BC8D89C00F92259 /* LaunchScreen.xib */; };
		99EC75341BC8D89C00F92259 /* WTDrawLineTests.m in Sources */ = {isa = PBXBuildFile; fileRef = 99EC75331BC8D89C00F92259 /* WTDrawLineTests.m */; };
/* End PBXBuildFile section */

/* Begin PBXContainerItemProxy section */
		99EC752E1BC8D89C00F92259 /* PBXContainerItemProxy */ = {
			isa = PBXContainerItemProxy;
			containerPortal = 99EC750C1BC8D89C00F92259 /* Project object */;
			proxyType = 1;
			remoteGlobalIDString = 99EC75131BC8D89C00F92259;
			remoteInfo = WTDrawLine;
		};
/* End PBXContainerItemProxy section */

/* Begin PBXFileReference section */
		99EC75141BC8D89C00F92259 /* WTDrawLine.app */ = {isa = PBXFileReference; explicitFileType = wrapper.application; includeInIndex = 0; path = WTDrawLine.app; sourceTree = BUILT_PRODUCTS_DIR; };
		99EC75181BC8D89C00F92259 /* Info.plist */ = {isa = PBXFileReference; lastKnownFileType = text.plist.xml; path = Info.plist; sourceTree = "<group>"; };
		99EC75191BC8D89C00F92259 /* main.m */ = {isa = PBXFileReference; lastKnownFileType = sourcecode.c.objc; path = main.m; sourceTree = "<group>"; };
		99EC751B1BC8D89C00F92259 /* AppDelegate.h */ = {isa = PBXFileReference; lastKnownFileType = sourcecode.c.h; path = AppDelegate.h; sourceTree = "<group>"; };
		99EC751C1BC8D89C00F92259 /* AppDelegate.m */ = {isa = PBXFileReference; lastKnownFileType = sourcecode.c.objc; path = AppDelegate.m; sourceTree = "<group>"; };
		99EC751E1BC8D89C00F92259 /* ViewController.h */ = {isa = PBXFileReference; lastKnownFileType = sourcecode.c.h; path = ViewController.h; sourceTree = "<group>"; };
		99EC751F1BC8D89C00F92259 /* ViewController.m */ = {isa = PBXFileReference; lastKnownFileType = sourcecode.c.objc; path = ViewController.m; sourceTree = "<group>"; };
		99EC75221BC8D89C00F92259 /* Base */ = {isa = PBXFileReference; lastKnownFileType = file.storyboard; name = Base; path = Base.lproj/Main.storyboard; sourceTree = "<group>"; };
		99EC75241BC8D89C00F92259 /* Images.xcassets */ = {isa = PBXFileReference; lastKnownFileType = folder.assetcatalog; path = Images.xcassets; sourceTree = "<group>"; };
		99EC75271BC8D89C00F92259 /* Base */ = {isa = PBXFileReference; lastKnownFileType = file.xib; name = Base; path = Base.lproj/LaunchScreen.xib; sourceTree = "<group>"; };
		99EC752D1BC8D89C00F92259 /* WTDrawLineTests.xctest */ = {isa = PBXFileReference; explicitFileType = wrapper.cfbundle; includeInIndex = 0; path = WTDrawLineTests.xctest; sourceTree = BUILT_PRODUCTS_DIR; };
		99EC75321BC8D89C00F92259 /* Info.plist */ = {isa = PBXFileReference; lastKnownFileType = text.plist.xml; path = Info.plist; sourceTree = "<group>"; };
		99EC75331BC8D89C00F92259 /* WTDrawLineTests.m */ = {isa = PBXFileReference; lastKnownFileType = sourcecode.c.objc; path = WTDrawLineTests.m; sourceTree = "<group>"; };
/* End PBXFileReference section */

/* Begin PBXFrameworksBuildPhase section */
		99EC75111BC8D89C00F92259 /* Frameworks */ = {
			isa = PBXFrameworksBuildPhase;
			buildActionMask = 2147483647;
			files = (
			);
			runOnlyForDeploymentPostprocessing = 0;
		};
		99EC752A1BC8D89C00F92259 /* Frameworks */ = {
			isa = PBXFrameworksBuildPhase;
			buildActionMask = 2147483647;
			files = (
			);
			runOnlyForDeploymentPostprocessing = 0;
		};
/* End PBXFrameworksBuildPhase section */

/* Begin PBXGroup section */
		99EC750B1BC8D89C00F92259 = {
			isa = PBXGroup;
			children = (
				99EC75161BC8D89C00F92259 /* WTDrawLine */,
				99EC75301BC8D89C00F92259 /* WTDrawLineTests */,
				99EC75151BC8D89C00F92259 /* Products */,
			);
			sourceTree = "<group>";
		};
		99EC75151BC8D89C00F92259 /* Products */ = {
			isa = PBXGroup;
			children = (
				99EC75141BC8D89C00F92259 /* WTDrawLine.app */,
				99EC752D1BC8D89C00F92259 /* WTDrawLineTests.xctest */,
			);
			name = Products;
			sourceTree = "<group>";
		};
		99EC75161BC8D89C00F92259 /* WTDrawLine */ = {
			isa = PBXGroup;
			children = (
				99EC751B1BC8D89C00F92259 /* AppDelegate.h */,
				99EC751C1BC8D89C00F92259 /* AppDelegate.m */,
				99EC751E1BC8D89C00F92259 /* ViewController.h */,
				99EC751F1BC8D89C00F92259 /* ViewController.m */,
				99EC75211BC8D89C00F92259 /* Main.storyboard */,
				99EC75241BC8D89C00F92259 /* Images.xcassets */,
				99EC75261BC8D89C00F92259 /* LaunchScreen.xib */,
				99EC75171BC8D89C00F92259 /* Supporting Files */,
			);
			path = WTDrawLine;
			sourceTree = "<group>";
		};
		99EC75171BC8D89C00F92259 /* Supporting Files */ = {
			isa = PBXGroup;
			children = (
				99EC75181BC8D89C00F92259 /* Info.plist */,
				99EC75191BC8D89C00F92259 /* main.m */,
			);
			name = "Supporting Files";
			sourceTree = "<group>";
		};
		99EC75301BC8D89C00F92259 /* WTDrawLineTests */ = {
			isa = PBXGroup;
			children = (
				99EC75331BC8D89C00F92259 /* WTDrawLineTests.m */,
				99EC75311BC8D89C00F92259 /* Supporting Files */,
			);
			path = WTDrawLineTests;
			sourceTree = "<group>";
		};
		99EC75311BC8D89C00F92259 /* Supporting Files */ = {
			isa = PBXGroup;
			children = (
				99EC75321BC8D89C00F92259 /* Info.plist */,
			);
			name = "Supporting Files";
			sourceTree = "<group>";
		};
/* End PBXGroup section */

/* Begin PBXNativeTarget section */
		99EC75131BC8D89C00F92259 /* WTDrawLine */ = {
			isa = PBXNativeTarget;
			buildConfigurationList = 99EC75371BC8D89C00F92259 /* Build configuration list for PBXNativeTarget "WTDrawLine" */;
			buildPhases = (
				99EC75101BC8D89C00F92259 /* Sources */,
				99EC75111BC8D89C00F92259 /* Frameworks */,
				99EC75121BC8D89C00F92259 /* Resources */,
			);
			buildRules = (
			);
			dependencies = (
			);
			name = WTDrawLine;
			productName = WTDrawLine;
			productReference = 99EC75141BC8D89C00F92259 /* WTDrawLine.app */;
			productType = "com.apple.product-type.application";
		};
		99EC752C1BC8D89C00F92259 /* WTDrawLineTests */ = {
			isa = PBXNativeTarget;
			buildConfigurationList = 99EC753A1BC8D89C00F92259 /* Build configuration list for PBXNativeTarget "WTDrawLineTests" */;
			buildPhases = (
				99EC75291BC8D89C00F92259 /* Sources */,
				99EC752A1BC8D89C00F92259 /* Frameworks */,
				99EC752B1BC8D89C00F92259 /* Resources */,
			);
			buildRules = (
			);
			dependencies = (
				99EC752F1BC8D89C00F92259 /* PBXTargetDependency */,
			);
			name = WTDrawLineTests;
			productName = WTDrawLineTests;
			productReference = 99EC752D1BC8D89C00F92259 /* WTDrawLineTests.xctest */;
			productType = "com.apple.product-type.bundle.unit-test";
		};
/* End PBXNativeTarget section */

/* Begin PBXProject section */
		99EC750C1BC8D89C00F92259 /* Project object */ = {
			isa = PBXProject;
			attributes = {
				LastUpgradeCheck = 0640;
				ORGANIZATIONNAME = WT;
				TargetAttributes = {
					99EC75131BC8D89C00F92259 = {
						CreatedOnToolsVersion = 6.4;
					};
					99EC752C1BC8D89C00F92259 = {
						CreatedOnToolsVersion = 6.4;
						TestTargetID = 99EC75131BC8D89C00F92259;
					};
				};
			};
			buildConfigurationList = 99EC750F1BC8D89C00F92259 /* Build configuration list for PBXProject "WTDrawLine" */;
			compatibilityVersion = "Xcode 3.2";
			developmentRegion = English;
			hasScannedForEncodings = 0;
			knownRegions = (
				en,
				Base,
			);
			mainGroup = 99EC750B1BC8D89C00F92259;
			productRefGroup = 99EC75151BC8D89C00F92259 /* Products */;
			projectDirPath = "";
			projectRoot = "";
			targets = (
				99EC75131BC8D89C00F92259 /* WTDrawLine */,
				99EC752C1BC8D89C00F92259 /* WTDrawLineTests */,
			);
		};
/* End PBXProject section */

/* Begin PBXResourcesBuildPhase section */
		99EC75121BC8D89C00F92259 /* Resources */ = {
			isa = PBXResourcesBuildPhase;
			buildActionMask = 2147483647;
			files = (
				99EC75231BC8D89C00F92259 /* Main.storyboard in Resources */,
				99EC75281BC8D89C00F92259 /* LaunchScreen.xib in Resources */,
				99EC75251BC8D89C00F92259 /* Images.xcassets in Resources */,
			);
			runOnlyForDeploymentPostprocessing = 0;
		};
		99EC752B1BC8D89C00F92259 /* Resources */ = {
			isa = PBXResourcesBuildPhase;
			buildActionMask = 2147483647;
			files = (
			);
			runOnlyForDeploymentPostprocessing = 0;
		};
/* End PBXResourcesBuildPhase section */

/* Begin PBXSourcesBuildPhase section */
		99EC75101BC8D89C00F92259 /* Sources */ = {
			isa = PBXSourcesBuildPhase;
			buildActionMask = 2147483647;
			files = (
				99EC75201BC8D89C00F92259 /* ViewController.m in Sources */,
				99EC751D1BC8D89C00F92259 /* AppDelegate.m in Sources */,
				99EC751A1BC8D89C00F92259 /* main.m in Sources */,
			);
			runOnlyForDeploymentPostprocessing = 0;
		};
		99EC75291BC8D89C00F92259 /* Sources */ = {
			isa = PBXSourcesBuildPhase;
			buildActionMask = 2147483647;
			files = (
				99EC75341BC8D89C00F92259 /* WTDrawLineTests.m in Sources */,
			);
			runOnlyForDeploymentPostprocessing = 0;
		};
/* End PBXSourcesBuildPhase section */

/* Begin PBXTargetDependency section */
		99EC752F1BC8D89C00F92259 /* PBXTargetDependency */ = {
			isa = PBXTargetDependency;
			target = 99EC75131BC8D89C00F92259 /* WTDrawLine */;
			targetProxy = 99EC752E1BC8D89C00F92259 /* PBXContainerItemProxy */;
		};
/* End PBXTargetDependency section */

/* Begin PBXVariantGroup section */
		99EC75211BC8D89C00F92259 /* Main.storyboard */ = {
			isa = PBXVariantGroup;
			children = (
				99EC75221BC8D89C00F92259 /* Base */,
			);
			name = Main.storyboard;
			sourceTree = "<group>";
		};
		99EC75261BC8D89C00F92259 /* LaunchScreen.xib */ = {
			isa = PBXVariantGroup;
			children = (
				99EC75271BC8D89C00F92259 /* Base */,
			);
			name = LaunchScreen.xib;
			sourceTree = "<group>";
		};
/* End PBXVariantGroup section */

/* Begin XCBuildConfiguration section */
		99EC75351BC8D89C00F92259 /* Debug */ = {
			isa = XCBuildConfiguration;
			buildSettings = {
				ALWAYS_SEARCH_USER_PATHS = NO;
				CLANG_CXX_LANGUAGE_STANDARD = "gnu++0x";
				CLANG_CXX_LIBRARY = "libc++";
				CLANG_ENABLE_MODULES = YES;
				CLANG_ENABLE_OBJC_ARC = YES;
				CLANG_WARN_BOOL_CONVERSION = YES;
				CLANG_WARN_CONSTANT_CONVERSION = YES;
				CLANG_WARN_DIRECT_OBJC_ISA_USAGE = YES_ERROR;
				CLANG_WARN_EMPTY_BODY = YES;
				CLANG_WARN_ENUM_CONVERSION = YES;
				CLANG_WARN_INT_CONVERSION = YES;
				CLANG_WARN_OBJC_ROOT_CLASS = YES_ERROR;
				CLANG_WARN_UNREACHABLE_CODE = YES;
				CLANG_WARN__DUPLICATE_METHOD_MATCH = YES;
				"CODE_SIGN_IDENTITY[sdk=iphoneos*]" = "iPhone Developer";
				COPY_PHASE_STRIP = NO;
				DEBUG_INFORMATION_FORMAT = "dwarf-with-dsym";
				ENABLE_STRICT_OBJC_MSGSEND = YES;
				GCC_C_LANGUAGE_STANDARD = gnu99;
				GCC_DYNAMIC_NO_PIC = NO;
				GCC_NO_COMMON_BLOCKS = YES;
				GCC_OPTIMIZATION_LEVEL = 0;
				GCC_PREPROCESSOR_DEFINITIONS = (
					"DEBUG=1",
					"$(inherited)",
				);
				GCC_SYMBOLS_PRIVATE_EXTERN = NO;
				GCC_WARN_64_TO_32_BIT_CONVERSION = YES;
				GCC_WARN_ABOUT_RETURN_TYPE = YES_ERROR;
				GCC_WARN_UNDECLARED_SELECTOR = YES;
				GCC_WARN_UNINITIALIZED_AUTOS = YES_AGGRESSIVE;
				GCC_WARN_UNUSED_FUNCTION = YES;
				GCC_WARN_UNUSED_VARIABLE = YES;
				IPHONEOS_DEPLOYMENT_TARGET = 8.4;
				MTL_ENABLE_DEBUG_INFO = YES;
				ONLY_ACTIVE_ARCH = YES;
				SDKROOT = iphoneos;
			};
			name = Debug;
		};
		99EC75361BC8D89C00F92259 /* Release */ = {
			isa = XCBuildConfiguration;
			buildSettings = {
				ALWAYS_SEARCH_USER_PATHS = NO;
				CLANG_CXX_LANGUAGE_STANDARD = "gnu++0x";
				CLANG_CXX_LIBRARY = "libc++";
				CLANG_ENABLE_MODULES = YES;
				CLANG_ENABLE_OBJC_ARC = YES;
				CLANG_WARN_BOOL_CONVERSION = YES;
				CLANG_WARN_CONSTANT_CONVERSION = YES;
				CLANG_WARN_DIRECT_OBJC_ISA_USAGE = YES_ERROR;
				CLANG_WARN_EMPTY_BODY = YES;
				CLANG_WARN_ENUM_CONVERSION = YES;
				CLANG_WARN_INT_CONVERSION = YES;
				CLANG_WARN_OBJC_ROOT_CLASS = YES_ERROR;
				CLANG_WARN_UNREACHABLE_CODE = YES;
				CLANG_WARN__DUPLICATE_METHOD_MATCH = YES;
				"CODE_SIGN_IDENTITY[sdk=iphoneos*]" = "iPhone Developer";
				COPY_PHASE_STRIP = NO;
				DEBUG_INFORMATION_FORMAT = "dwarf-with-dsym";
				ENABLE_NS_ASSERTIONS = NO;
				ENABLE_STRICT_OBJC_MSGSEND = YES;
				GCC_C_LANGUAGE_STANDARD = gnu99;
				GCC_NO_COMMON_BLOCKS = YES;
				GCC_WARN_64_TO_32_BIT_CONVERSION = YES;
				GCC_WARN_ABOUT_RETURN_TYPE = YES_ERROR;
				GCC_WARN_UNDECLARED_SELECTOR = YES;
				GCC_WARN_UNINITIALIZED_AUTOS = YES_AGGRESSIVE;
				GCC_WARN_UNUSED_FUNCTION = YES;
				GCC_WARN_UNUSED_VARIABLE = YES;
				IPHONEOS_DEPLOYMENT_TARGET = 8.4;
				MTL_ENABLE_DEBUG_INFO = NO;
				SDKROOT = iphoneos;
				VALIDATE_PRODUCT = YES;
			};
			name = Release;
		};
		99EC75381BC8D89C00F92259 /* Debug */ = {
			isa = XCBuildConfiguration;
			buildSettings = {
				ASSETCATALOG_COMPILER_APPICON_NAME = AppIcon;
				INFOPLIST_FILE = WTDrawLine/Info.plist;
				LD_RUNPATH_SEARCH_PATHS = "$(inherited) @executable_path/Frameworks";
				PRODUCT_NAME = "$(TARGET_NAME)";
			};
			name = Debug;
		};
		99EC75391BC8D89C00F92259 /* Release */ = {
			isa = XCBuildConfiguration;
			buildSettings = {
				ASSETCATALOG_COMPILER_APPICON_NAME = AppIcon;
				INFOPLIST_FILE = WTDrawLine/Info.plist;
				LD_RUNPATH_SEARCH_PATHS = "$(inherited) @executable_path/Frameworks";
				PRODUCT_NAME = "$(TARGET_NAME)";
			};
			name = Release;
		};
		99EC753B1BC8D89C00F92259 /* Debug */ = {
			isa = XCBuildConfiguration;
			buildSettings = {
				BUNDLE_LOADER = "$(TEST_HOST)";
				FRAMEWORK_SEARCH_PATHS = (
					"$(SDKROOT)/Developer/Library/Frameworks",
					"$(inherited)",
				);
				GCC_PREPROCESSOR_DEFINITIONS = (
					"DEBUG=1",
					"$(inherited)",
				);
				INFOPLIST_FILE = WTDrawLineTests/Info.plist;
				LD_RUNPATH_SEARCH_PATHS = "$(inherited) @executable_path/Frameworks @loader_path/Frameworks";
				PRODUCT_NAME = "$(TARGET_NAME)";
				TEST_HOST = "$(BUILT_PRODUCTS_DIR)/WTDrawLine.app/WTDrawLine";
			};
			name = Debug;
		};
		99EC753C1BC8D89C00F92259 /* Release */ = {
			isa = XCBuildConfiguration;
			buildSettings = {
				BUNDLE_LOADER = "$(TEST_HOST)";
				FRAMEWORK_SEARCH_PATHS = (
					"$(SDKROOT)/Developer/Library/Frameworks",
					"$(inherited)",
				);
				INFOPLIST_FILE = WTDrawLineTests/Info.plist;
				LD_RUNPATH_SEARCH_PATHS = "$(inherited) @executable_path/Frameworks @loader_path/Frameworks";
				PRODUCT_NAME = "$(TARGET_NAME)";
				TEST_HOST = "$(BUILT_PRODUCTS_DIR)/WTDrawLine.app/WTDrawLine";
			};
			name = Release;
		};
/* End XCBuildConfiguration section */

/* Begin XCConfigurationList section */
		99EC750F1BC8D89C00F92259 /* Build configuration list for PBXProject "WTDrawLine" */ = {
			isa = XCConfigurationList;
			buildConfigurations = (
				99EC75351BC8D89C00F92259 /* Debug */,
				99EC75361BC8D89C00F92259 /* Release */,
			);
			defaultConfigurationIsVisible = 0;
			defaultConfigurationName = Release;
		};
		99EC75371BC8D89C00F92259 /* Build configuration list for PBXNativeTarget "WTDrawLine" */ = {
			isa = XCConfigurationList;
			buildConfigurations = (
				99EC75381BC8D89C00F92259 /* Debug */,
				99EC75391BC8D89C00F92259 /* Release */,
			);
			defaultConfigurationIsVisible = 0;
		};
		99EC753A1BC8D89C00F92259 /* Build configuration list for PBXNativeTarget "WTDrawLineTests" */ = {
			isa = XCConfigurationList;
			buildConfigurations = (
				99EC753B1BC8D89C00F92259 /* Debug */,
				99EC753C1BC8D89C00F92259 /* Release */,
			);
			defaultConfigurationIsVisible = 0;
		};
/* End XCConfigurationList section */
	};
	rootObject = 99EC750C1BC8D89C00F92259 /* Project object */;
}
